
Microsoft Visual Studio Solution File, Format Version 12.00
# Visual Studio Version 16
Project("{8BC9CEB8-8B4A-11D0-8D11-00A0C91BC942}") = "Lulu", "Lulu\Lulu.vcxproj", "{67BC887C-53F3-890D-FCDF-6F10E8F5050F}"
EndProject
Project("{8BC9CEB8-8B4A-11D0-8D11-00A0C91BC942}") = "LuluSamples", "LuluSamples\LuluSamples.vcxproj", "{5CACB359-C861-2C4F-5156-2626BD0A2353}"
EndProject
Global
	GlobalSection(SolutionConfigurationPlatforms) = preSolution
		Debug|x64 = Debug|x64
		Dist|x64 = Dist|x64
		Release|x64 = Release|x64
	EndGlobalSection
	GlobalSection(ProjectConfigurationPlatforms) = postSolution
		{67BC887C-53F3-890D-FCDF-6F10E8F5050F}.Debug|x64.ActiveCfg = Debug|x64
		{67BC887C-53F3-890D-FCDF-6F10E8F5050F}.Debug|x64.Build.0 = Debug|x64
		{67BC887C-53F3-890D-FCDF-6F10E8F5050F}.Dist|x64.ActiveCfg = Dist|x64
		{67BC887C-53F3-890D-FCDF-6F10E8F5050F}.Dist|x64.Build.0 = Dist|x64
		{67BC887C-53F3-890D-FCDF-6F10E8F5050F}.Release|x64.ActiveCfg = Release|x64
		{67BC887C-53F3-890D-FCDF-6F10E8F5050F}.Release|x64.Build.0 = Release|x64
		{5CACB359-C861-2C4F-5156-2626BD0A2353}.Debug|x64.ActiveCfg = Debug|x64
		{5CACB359-C861-2C4F-5156-2626BD0A2353}.Debug|x64.Build.0 = Debug|x64
		{5CACB359-C861-2C4F-5156-2626BD0A2353}.Dist|x64.ActiveCfg = Dist|x64
		{5CACB359-C861-2C4F-5156-2626BD0A2353}.Dist|x64.Build.0 = Dist|x64
		{5CACB359-C861-2C4F-5156-2626BD0A2353}.Release|x64.ActiveCfg = Release|x64
		{5CACB359-C861-2C4F-5156-2626BD0A2353}.Release|x64.Build.0 = Release|x64
	EndGlobalSection
	GlobalSection(SolutionProperties) = preSolution
		HideSolutionNode = FALSE
	EndGlobalSection
EndGlobal
