<?xml version="1.0" encoding="utf-8"?>
<Project ToolsVersion="4.0" xmlns="http://schemas.microsoft.com/developer/msbuild/2003">
  <ItemGroup>
    <Filter Include="Lulu">
      <UniqueIdentifier>{67BC887C-53F3-890D-FCDF-6F10E8F5050F}</UniqueIdentifier>
    </Filter>
    <Filter Include="Lulu\Events">
      <UniqueIdentifier>{6B8ECF45-D743-483B-6038-4212CCEC3E3F}</UniqueIdentifier>
    </Filter>
  </ItemGroup>
  <ItemGroup>
    <ClInclude Include="src\Lulu.h" />
    <ClInclude Include="src\Lulu\Application.h">
      <Filter>Lulu</Filter>
    </ClInclude>
    <ClInclude Include="src\Lulu\Core.h">
      <Filter>Lulu</Filter>
    </ClInclude>
    <ClInclude Include="src\Lulu\EntryPoint.h">
      <Filter>Lulu</Filter>
    </ClInclude>
    <ClInclude Include="src\Lulu\Events\ApplicationEvent.h">
      <Filter>Lulu\Events</Filter>
    </ClInclude>
    <ClInclude Include="src\Lulu\Events\Event.h">
      <Filter>Lulu\Events</Filter>
    </ClInclude>
    <ClInclude Include="src\Lulu\Events\KeyEvent.h">
      <Filter>Lulu\Events</Filter>
    </ClInclude>
    <ClInclude Include="src\Lulu\Events\MouseEvent.h">
      <Filter>Lulu\Events</Filter>
    </ClInclude>
    <ClInclude Include="src\Lulu\Log.h">
      <Filter>Lulu</Filter>
    </ClInclude>
    <ClInclude Include="src\llpch.h" />
  </ItemGroup>
  <ItemGroup>
    <ClCompile Include="src\Lulu\Application.cpp">
      <Filter>Lulu</Filter>
    </ClCompile>
    <ClCompile Include="src\Lulu\Core.cpp">
      <Filter>Lulu</Filter>
    </ClCompile>
    <ClCompile Include="src\Lulu\Log.cpp">
      <Filter>Lulu</Filter>
    </ClCompile>
    <ClCompile Include="src\llpch.cpp" />
  </ItemGroup>
</Project>